
Microsoft Visual Studio Solution File, Format Version 12.00
# Visual Studio Version 17
VisualStudioVersion = 17.10.35004.147
MinimumVisualStudioVersion = 10.0.40219.1
Project("{9A19103F-16F7-4668-BE54-9A1E7A4F7556}") = "CrudPractice", "CrudPractice.csproj", "{9BD53A4A-6D7E-47BB-8614-630FCF2019D3}"
EndProject
Global
	GlobalSection(SolutionConfigurationPlatforms) = preSolution
		Debug|Any CPU = Debug|Any CPU
		Release|Any CPU = Release|Any CPU
	EndGlobalSection
	GlobalSection(ProjectConfigurationPlatforms) = postSolution
		{9BD53A4A-6D7E-47BB-8614-630FCF2019D3}.Debug|Any CPU.ActiveCfg = Debug|Any CPU
		{9BD53A4A-6D7E-47BB-8614-630FCF2019D3}.Debug|Any CPU.Build.0 = Debug|Any CPU
		{9BD53A4A-6D7E-47BB-8614-630FCF2019D3}.Release|Any CPU.ActiveCfg = Release|Any CPU
		{9BD53A4A-6D7E-47BB-8614-630FCF2019D3}.Release|Any CPU.Build.0 = Release|Any CPU
	EndGlobalSection
	GlobalSection(SolutionProperties) = preSolution
		HideSolutionNode = FALSE
	EndGlobalSection
	GlobalSection(ExtensibilityGlobals) = postSolution
		SolutionGuid = {7B782670-A9E8-4923-A570-F67AB1A43658}
	EndGlobalSection
EndGlobal
